
Microsoft Visual Studio Solution File, Format Version 12.00
# Visual Studio 2013
VisualStudioVersion = 12.0.31101.0
MinimumVisualStudioVersion = 10.0.40219.1
Project("{FAE04EC0-301F-11D3-BF4B-00C04F79EFBC}") = "PCG", "PCG\PCG.csproj", "{0760A47B-C998-4879-BE92-233CDD18D611}"
EndProject
Project("{FAE04EC0-301F-11D3-BF4B-00C04F79EFBC}") = "Engine", "Engine\Engine.csproj", "{FDFCCB98-F7EE-49D7-886C-F4CBEDF52732}"
EndProject
Global
	GlobalSection(SolutionConfigurationPlatforms) = preSolution
		Debug|Any CPU = Debug|Any CPU
		Release|Any CPU = Release|Any CPU
	EndGlobalSection
	GlobalSection(ProjectConfigurationPlatforms) = postSolution
		{0760A47B-C998-4879-BE92-233CDD18D611}.Debug|Any CPU.ActiveCfg = Debug|Any CPU
		{0760A47B-C998-4879-BE92-233CDD18D611}.Debug|Any CPU.Build.0 = Debug|Any CPU
		{0760A47B-C998-4879-BE92-233CDD18D611}.Release|Any CPU.ActiveCfg = Release|Any CPU
		{0760A47B-C998-4879-BE92-233CDD18D611}.Release|Any CPU.Build.0 = Release|Any CPU
		{FDFCCB98-F7EE-49D7-886C-F4CBEDF52732}.Debug|Any CPU.ActiveCfg = Debug|Any CPU
		{FDFCCB98-F7EE-49D7-886C-F4CBEDF52732}.Debug|Any CPU.Build.0 = Debug|Any CPU
		{FDFCCB98-F7EE-49D7-886C-F4CBEDF52732}.Release|Any CPU.ActiveCfg = Release|Any CPU
		{FDFCCB98-F7EE-49D7-886C-F4CBEDF52732}.Release|Any CPU.Build.0 = Release|Any CPU
	EndGlobalSection
	GlobalSection(SolutionProperties) = preSolution
		HideSolutionNode = FALSE
	EndGlobalSection
EndGlobal
