
Microsoft Visual Studio Solution File, Format Version 12.00
# Visual Studio 2013
VisualStudioVersion = 12.0.31101.0
MinimumVisualStudioVersion = 10.0.40219.1
Project("{FAE04EC0-301F-11D3-BF4B-00C04F79EFBC}") = "PQG", "PQG\PQG.csproj", "{4C605DB2-4B7A-41EB-8E0A-4206E29A741B}"
EndProject
Project("{FAE04EC0-301F-11D3-BF4B-00C04F79EFBC}") = "Engine", "Engine\Engine.csproj", "{7B19B5FB-6B96-4553-BD11-9350B723BE94}"
EndProject
Global
	GlobalSection(SolutionConfigurationPlatforms) = preSolution
		Debug|Any CPU = Debug|Any CPU
		Release|Any CPU = Release|Any CPU
	EndGlobalSection
	GlobalSection(ProjectConfigurationPlatforms) = postSolution
		{4C605DB2-4B7A-41EB-8E0A-4206E29A741B}.Debug|Any CPU.ActiveCfg = Debug|Any CPU
		{4C605DB2-4B7A-41EB-8E0A-4206E29A741B}.Debug|Any CPU.Build.0 = Debug|Any CPU
		{4C605DB2-4B7A-41EB-8E0A-4206E29A741B}.Release|Any CPU.ActiveCfg = Release|Any CPU
		{4C605DB2-4B7A-41EB-8E0A-4206E29A741B}.Release|Any CPU.Build.0 = Release|Any CPU
		{7B19B5FB-6B96-4553-BD11-9350B723BE94}.Debug|Any CPU.ActiveCfg = Debug|Any CPU
		{7B19B5FB-6B96-4553-BD11-9350B723BE94}.Debug|Any CPU.Build.0 = Debug|Any CPU
		{7B19B5FB-6B96-4553-BD11-9350B723BE94}.Release|Any CPU.ActiveCfg = Release|Any CPU
		{7B19B5FB-6B96-4553-BD11-9350B723BE94}.Release|Any CPU.Build.0 = Release|Any CPU
	EndGlobalSection
	GlobalSection(SolutionProperties) = preSolution
		HideSolutionNode = FALSE
	EndGlobalSection
EndGlobal
